NeoBundleLock LaTeX-Suite-aka-Vim-LaTeX d1e3755fbe06d2f8dc79303126fd7796115496bf
NeoBundleLock YouCompleteMe 94ec3ed902e4e55b1766232d3b0e7d602bc2c472
NeoBundleLock ctrlp.vim 564176f01d7f3f7f8ab452ff4e1f5314de7b0981
NeoBundleLock gundo.vim e7fe41024ace9047eee610f23311d44fd9d917c0
NeoBundleLock neobundle.vim 6e696b19d8ff36bf754f901a6b7e42671e06b7a8
NeoBundleLock nerdtree 4ebbb533c3faf2c480211db2b547972bb3b60f2b
NeoBundleLock vim-airline-themes 13bad30d4ee3892cae755c83433ee85fbc96d028
NeoBundleLock vim-antlr a977785a79d4736d3970a6189a9b4100969b5f66
NeoBundleLock vim-colorschemes 28a989b28457e38df620e4c7ab23e224aff70efe
NeoBundleLock vim-commentary 4dcfc318e0b02fdbb0c2d9ff77cf3562b46eea25
NeoBundleLock vim-dispatch eb3e564fb1edfee09fe6aeb57f3388e273da72c8
NeoBundleLock vim-fugitive 008b9570860f552534109b4f618cf2ddd145eeb4
NeoBundleLock vim-gitgutter 0af9f2a3ab029054d279f69364351e95e107008a
NeoBundleLock vim-vinegar 75894f02bb42356f03e2f0d1f405434e382e1a63
